{
  "lockfileVersion": 1,
  "configVersion": 1,
  "workspaces": {
    "": {
      "dependencies": {
        "helmet": "^8.2.0",
        "morgan": "^1.11.0",
      },
      "devDependencies": {
        "@types/morgan": "^1.9.10",
      },
    },
  },
  "packages": {
    "@types/morgan": ["@types/morgan@1.9.10", "", { "dependencies": { "@types/node": "*" } }, "sha512-sS4A1zheMvsADRVfT0lYbJ4S9lmsey8Zo2F7cnbYjWHP67Q0AwMYuuzLlkIM2N8gAbb9cubhIVFwcIN2XyYCkA=="],

    "@types/node": ["@types/node@26.0.0", "", { "dependencies": { "undici-types": "~8.3.0" } }, "sha512-vf2YFi1iY9lHGwNJMs01biZFbKJkrZR1T6/MlzjhJLPdntOHLhTrDSnSVcdtvjihi4VQNlrFRIxLsDBlQpAipA=="],

    "basic-auth": ["basic-auth@2.0.1", "", { "dependencies": { "safe-buffer": "5.1.2" } }, "sha512-NF+epuEdnUYVlGuhaxbbq+dvJttwLnGY+YixlXlME5KpQ5W3CnXA5cVTneY3SPbPDRkcjMbifrwmFYcClgOZeg=="],

    "debug": ["debug@2.6.9", "", { "dependencies": { "ms": "2.0.0" } }, "sha512-bC7ElrdJaJnPbAP+1EotYvqZsb3ecl5wi6Bfi6BJTUcNowp6cvspg0jXznRTKDjm/E7AdgFBVeAPVMNcKGsHMA=="],

    "depd": ["depd@2.0.0", "", {}, "sha512-g7nH6P6dyDioJogAAGprGpCtVImJhpPk/roCzdb3fIh61/s/nPsfR6onyMwkCAR/OlC3yBC0lESvUoQEAssIrw=="],

    "ee-first": ["ee-first@1.1.1", "", {}, "sha512-WMwm9LhRUo+WUaRN+vRuETqG89IgZphVSNkdFgeb6sS/E4OrDIN7t48CAewSHXc6C8lefD8KKfr5vY61brQlow=="],

    "helmet": ["helmet@8.2.0", "", {}, "sha512-DRgTIUgnWcJ62KyarxxziuqYxKGnR6Rgg19BlbucN/dpmJbl1XOit6qvoOX0ZT+HhWe5OUVhU/a1zpGyc1xA0Q=="],

    "morgan": ["morgan@1.11.0", "", { "dependencies": { "basic-auth": "~2.0.1", "debug": "2.6.9", "depd": "~2.0.0", "on-finished": "~2.4.1", "on-headers": "~1.1.0" } }, "sha512-zSkVu3t18r39pw4ixfBKvfZi3y2UOqr7d4WYwcj3m8nXpEQK4rPO6GLzs/CExoRgmX3y9EjmmcXqv6jq0SK46g=="],

    "ms": ["ms@2.0.0", "", {}, "sha512-Tpp60P6IUJDTuOq/5Z8cdskzJujfwqfOTkrwIwj7IRISpnkJnT6SyJ4PCPnGMoFjC9ddhal5KVIYtAt97ix05A=="],

    "on-finished": ["on-finished@2.4.1", "", { "dependencies": { "ee-first": "1.1.1" } }, "sha512-oVlzkg3ENAhCk2zdv7IJwd/QUD4z2RxRwpkcGY8psCVcCYZNq4wYnVWALHM+brtuJjePWiYF/ClmuDr8Ch5+kg=="],

    "on-headers": ["on-headers@1.1.0", "", {}, "sha512-737ZY3yNnXy37FHkQxPzt4UZ2UWPWiCZWLvFZ4fu5cueciegX0zGPnrlY6bwRg4FdQOe9YU8MkmJwGhoMybl8A=="],

    "safe-buffer": ["safe-buffer@5.1.2", "", {}, "sha512-Gd2UZBJDkXlY7GbJxfsE8/nvKkUEU1G38c1siN6QP6a9PT9MmHB8GnpscSmMJSoF8LOIrt8ud/wPtojys4G6+g=="],

    "undici-types": ["undici-types@8.3.0", "", {}, "sha512-j375ScV60dom+YkPFIfTLcOiPxkN/buHz5GobjLhixFuANaNs3C9l4GmrWqejgXWJ7BbJcFYpTEUkS1Ge8bpZQ=="],
  }
}
